
Microsoft Visual Studio Solution File, Format Version 12.00
# Visual Studio Version 16
VisualStudioVersion = 16.0.31205.134
MinimumVisualStudioVersion = 10.0.40219.1
Project("{9A19103F-16F7-4668-BE54-9A1E7A4F7556}") = "ConsoleApp2", "ConsoleApp2\ConsoleApp2.csproj", "{830873A9-9973-4E7F-86C2-CCA4DB86E13A}"
EndProject
Project("{9A19103F-16F7-4668-BE54-9A1E7A4F7556}") = "ConsoleApp2Tests", "ConsoleApp2Tests\ConsoleApp2Tests.csproj", "{98C15828-CFF5-4145-AC18-934479FC7C26}"
EndProject
Global
	GlobalSection(SolutionConfigurationPlatforms) = preSolution
		Debug|Any CPU = Debug|Any CPU
		Release|Any CPU = Release|Any CPU
	EndGlobalSection
	GlobalSection(ProjectConfigurationPlatforms) = postSolution
		{830873A9-9973-4E7F-86C2-CCA4DB86E13A}.Debug|Any CPU.ActiveCfg = Debug|Any CPU
		{830873A9-9973-4E7F-86C2-CCA4DB86E13A}.Debug|Any CPU.Build.0 = Debug|Any CPU
		{830873A9-9973-4E7F-86C2-CCA4DB86E13A}.Release|Any CPU.ActiveCfg = Release|Any CPU
		{830873A9-9973-4E7F-86C2-CCA4DB86E13A}.Release|Any CPU.Build.0 = Release|Any CPU
		{98C15828-CFF5-4145-AC18-934479FC7C26}.Debug|Any CPU.ActiveCfg = Debug|Any CPU
		{98C15828-CFF5-4145-AC18-934479FC7C26}.Debug|Any CPU.Build.0 = Debug|Any CPU
		{98C15828-CFF5-4145-AC18-934479FC7C26}.Release|Any CPU.ActiveCfg = Release|Any CPU
		{98C15828-CFF5-4145-AC18-934479FC7C26}.Release|Any CPU.Build.0 = Release|Any CPU
	EndGlobalSection
	GlobalSection(SolutionProperties) = preSolution
		HideSolutionNode = FALSE
	EndGlobalSection
	GlobalSection(ExtensibilityGlobals) = postSolution
		SolutionGuid = {6CC1FCF4-552C-4ACE-A11A-CC65CF195AA5}
	EndGlobalSection
EndGlobal
